<?xml version="1.0" encoding="utf-8"?>
<Project ToolsVersion="17.0" xmlns="http://schemas.microsoft.com/developer/msbuild/2003">
  <ItemGroup>
    <CustomBuild Include="C:\Dev\procedural-terrain\release-build\CMakeFiles\9f06a86c0cc3e91f0b5a146004293402\generate.stamp.rule">
      <Filter>CMake Rules</Filter>
    </CustomBuild>
  </ItemGroup>
  <ItemGroup>
    <Filter Include="CMake Rules">
      <UniqueIdentifier>{878D5F65-EE99-3BEE-AE41-BBD020C2CDFB}</UniqueIdentifier>
    </Filter>
  </ItemGroup>
</Project>
