<?xml version="1.0" encoding="utf-8"?>
<Project ToolsVersion="17.0" xmlns="http://schemas.microsoft.com/developer/msbuild/2003">
  <ItemGroup>
    <CustomBuild Include="C:\Dev\procedural-terrain\release-build\CMakeFiles\2d5471cccf55271ff50f69a6561e4874\INSTALL_force.rule">
      <Filter>CMake Rules</Filter>
    </CustomBuild>
  </ItemGroup>
  <ItemGroup>
    <Filter Include="CMake Rules">
      <UniqueIdentifier>{878D5F65-EE99-3BEE-AE41-BBD020C2CDFB}</UniqueIdentifier>
    </Filter>
  </ItemGroup>
</Project>
